{
  "version": 4,
  "terraform_version": "1.1.5",
  "serial": 247,
  "lineage": "65da4366-c75f-e4a6-876b-8c3b4e6afa56",
  "outputs": {
    "public_ip": {
      "value": "35.246.95.103",
      "type": "string"
    }
  },
  "resources": [
    {
      "mode": "data",
      "type": "terraform_remote_state",
      "name": "base",
      "provider": "provider[\"terraform.io/builtin/terraform\"]",
      "instances": [
        {
          "schema_version": 0,
          "attributes": {
            "backend": "local",
            "config": {
              "value": {
                "path": "../day0/terraform.tfstate"
              },
              "type": [
                "object",
                {
                  "path": "string"
                }
              ]
            },
            "defaults": null,
            "outputs": {
              "value": {
                "api-key": "09Hzh0BEnAW3sIUgTDSq9QbWQWEYTo",
                "default_password": "4277304224686080748",
                "fgt-vm-eip": [
                  "34.142.61.33",
                  "35.234.143.232"
                ],
                "fgt_umigs": [
                  "https://www.googleapis.com/compute/v1/projects/forti-emea-se/zones/europe-west2-a/instanceGroups/bmlog-umig0-euwest2-a",
                  "https://www.googleapis.com/compute/v1/projects/forti-emea-se/zones/europe-west2-b/instanceGroups/bmlog-umig1-euwest2-b"
                ],
                "health_check": "https://www.googleapis.com/compute/v1/projects/forti-emea-se/regions/europe-west2/healthChecks/bmlog-healthcheck-http8008-euwest2",
                "ilb": "https://www.googleapis.com/compute/v1/projects/forti-emea-se/regions/europe-west2/forwardingRules/bmlog-fwdrule-ilb-trust-euwest2",
                "internal_subnet": "https://www.googleapis.com/compute/v1/projects/forti-emea-se/regions/europe-west2/subnetworks/bm-int-sb",
                "internal_vpc": "https://www.googleapis.com/compute/v1/projects/forti-emea-se/global/networks/bm-int",
                "prefix": "bmref-",
                "project": "forti-emea-se",
                "region": "europe-west2"
              },
              "type": [
                "object",
                {
                  "api-key": "string",
                  "default_password": "string",
                  "fgt-vm-eip": [
                    "tuple",
                    [
                      "string",
                      "string"
                    ]
                  ],
                  "fgt_umigs": [
                    "tuple",
                    [
                      "string",
                      "string"
                    ]
                  ],
                  "health_check": "string",
                  "ilb": "string",
                  "internal_subnet": "string",
                  "internal_vpc": "string",
                  "prefix": "string",
                  "project": "string",
                  "region": "string"
                }
              ]
            },
            "workspace": null
          },
          "sensitive_attributes": []
        }
      ]
    },
    {
      "module": "module.inbound",
      "mode": "data",
      "type": "fortios_system_interface",
      "name": "probe",
      "provider": "provider[\"registry.terraform.io/fortinetdev/fortios\"]",
      "instances": [
        {
          "schema_version": 0,
          "attributes": {
            "ac_name": "",
            "aggregate": "",
            "algorithm": "L4",
            "alias": "",
            "allowaccess": "probe-response",
            "ap_discover": "enable",
            "arpforward": "enable",
            "auth_cert": "",
            "auth_portal_addr": "",
            "auth_type": "auto",
            "auto_auth_extension_device": "disable",
            "bandwidth_measure_time": 0,
            "bfd": "global",
            "bfd_desired_min_tx": 250,
            "bfd_detect_mult": 3,
            "bfd_required_min_rx": 250,
            "broadcast_forticlient_discovery": "",
            "broadcast_forward": "disable",
            "captive_portal": 0,
            "cli_conn_status": 0,
            "client_options": [],
            "color": 0,
            "dedicated_to": "none",
            "defaultgw": "enable",
            "description": "",
            "detected_peer_mtu": 0,
            "detectprotocol": "ping",
            "detectserver": "",
            "device_access_list": "",
            "device_identification": "disable",
            "device_identification_active_scan": "",
            "device_netscan": "",
            "device_user_identification": "enable",
            "devindex": 16,
            "dhcp_classless_route_addition": "enable",
            "dhcp_client_identifier": "",
            "dhcp_relay_agent_option": "enable",
            "dhcp_relay_interface": "",
            "dhcp_relay_interface_select_method": "auto",
            "dhcp_relay_ip": "",
            "dhcp_relay_link_selection": "0.0.0.0",
            "dhcp_relay_request_all_server": "disable",
            "dhcp_relay_service": "disable",
            "dhcp_relay_type": "regular",
            "dhcp_renew_time": 0,
            "dhcp_snooping_server_list": [],
            "disc_retry_timeout": 1,
            "disconnect_threshold": 0,
            "distance": 5,
            "dns_server_override": "enable",
            "dns_server_protocol": "cleartext",
            "drop_fragment": "disable",
            "drop_overlapped_fragment": "disable",
            "egress_shaping_profile": "",
            "endpoint_compliance": "",
            "estimated_downstream_bandwidth": 0,
            "estimated_upstream_bandwidth": 0,
            "explicit_ftp_proxy": "disable",
            "explicit_web_proxy": "disable",
            "external": "disable",
            "fail_action_on_extender": "soft-restart",
            "fail_alert_interfaces": [],
            "fail_alert_method": "link-down",
            "fail_detect": "disable",
            "fail_detect_option": "link-down",
            "fortiheartbeat": "",
            "fortilink": "disable",
            "fortilink_backup_link": 0,
            "fortilink_neighbor_detect": "fortilink",
            "fortilink_split_interface": "enable",
            "fortilink_stacking": "",
            "forward_domain": 0,
            "forward_error_correction": "",
            "gwdetect": "disable",
            "ha_priority": 1,
            "icmp_accept_redirect": "enable",
            "icmp_send_redirect": "enable",
            "id": "probe",
            "ident_accept": "disable",
            "idle_timeout": 0,
            "inbandwidth": 0,
            "ingress_shaping_profile": "",
            "ingress_spillover_threshold": 0,
            "interface": "",
            "internal": 0,
            "ip": "169.254.255.100 255.255.255.255",
            "ip_managed_by_fortiipam": "disable",
            "ipmac": "disable",
            "ips_sniffer_mode": "disable",
            "ipunnumbered": "0.0.0.0",
            "ipv6": [
              {
                "autoconf": "disable",
                "cli_conn6_status": 0,
                "dhcp6_client_options": "",
                "dhcp6_iapd_list": [],
                "dhcp6_information_request": "disable",
                "dhcp6_prefix_delegation": "disable",
                "dhcp6_prefix_hint": "",
                "dhcp6_prefix_hint_plt": 0,
                "dhcp6_prefix_hint_vlt": 0,
                "dhcp6_relay_ip": "",
                "dhcp6_relay_service": "disable",
                "dhcp6_relay_type": "regular",
                "icmp6_send_redirect": "enable",
                "interface_identifier": "::",
                "ip6_address": "::/0",
                "ip6_allowaccess": "",
                "ip6_default_life": 1800,
                "ip6_delegated_prefix_iaid": 0,
                "ip6_delegated_prefix_list": [],
                "ip6_dns_server_override": "enable",
                "ip6_extra_addr": [],
                "ip6_hop_limit": 0,
                "ip6_link_mtu": 0,
                "ip6_manage_flag": "disable",
                "ip6_max_interval": 600,
                "ip6_min_interval": 198,
                "ip6_mode": "static",
                "ip6_other_flag": "disable",
                "ip6_prefix_list": [],
                "ip6_prefix_mode": "dhcp6",
                "ip6_reachable_time": 0,
                "ip6_retrans_time": 0,
                "ip6_send_adv": "disable",
                "ip6_subnet": "::/0",
                "ip6_upstream_interface": "",
                "nd_cert": "",
                "nd_cga_modifier": "0065636473612D776974682D73686132",
                "nd_mode": "basic",
                "nd_security_level": 0,
                "nd_timestamp_delta": 300,
                "nd_timestamp_fuzz": 1,
                "ra_send_mtu": "enable",
                "unique_autoconf_addr": "disable",
                "vrip6_link_local": "::",
                "vrrp6": [],
                "vrrp_virtual_mac6": "disable"
              }
            ],
            "l2forward": "disable",
            "lacp_ha_slave": "enable",
            "lacp_mode": "active",
            "lacp_speed": "slow",
            "lcp_echo_interval": 5,
            "lcp_max_echo_fails": 3,
            "link_up_delay": 50,
            "lldp_network_policy": "",
            "lldp_reception": "vdom",
            "lldp_transmission": "vdom",
            "macaddr": "00:00:00:00:00:00",
            "managed_device": [],
            "managed_subnetwork_size": "256",
            "management_ip": "0.0.0.0 0.0.0.0",
            "measured_downstream_bandwidth": 0,
            "measured_upstream_bandwidth": 0,
            "mediatype": "",
            "member": [],
            "min_links": 1,
            "min_links_down": "operational",
            "mode": "static",
            "monitor_bandwidth": "disable",
            "mtu": 1500,
            "mtu_override": "disable",
            "name": "probe",
            "ndiscforward": "enable",
            "netbios_forward": "disable",
            "netflow_sampler": "disable",
            "outbandwidth": 0,
            "padt_retry_timeout": 1,
            "password": null,
            "ping_serv_status": 0,
            "polling_interval": 20,
            "pppoe_unnumbered_negotiate": "enable",
            "pptp_auth_type": "auto",
            "pptp_client": "disable",
            "pptp_password": null,
            "pptp_server_ip": "0.0.0.0",
            "pptp_timeout": 0,
            "pptp_user": "",
            "preserve_session_route": "disable",
            "priority": 1,
            "priority_override": "enable",
            "proxy_captive_portal": "disable",
            "reachable_time": 30000,
            "redundant_interface": "",
            "remote_ip": "0.0.0.0 0.0.0.0",
            "replacemsg_override_group": "",
            "ring_rx": 0,
            "ring_tx": 0,
            "role": "undefined",
            "sample_direction": "both",
            "sample_rate": 2000,
            "scan_botnet_connections": "",
            "secondary_ip": "",
            "secondaryip": [],
            "security_exempt_list": "",
            "security_external_logout": "",
            "security_external_web": "",
            "security_groups": [],
            "security_mac_auth_bypass": "disable",
            "security_mode": "none",
            "security_redirect_url": "",
            "service_name": "",
            "sflow_sampler": "disable",
            "snmp_index": 9,
            "speed": "auto",
            "spillover_threshold": 0,
            "src_check": "enable",
            "status": "up",
            "stp": "",
            "stp_ha_secondary": "",
            "stpforward": "disable",
            "stpforward_mode": "rpl-all-ext-id",
            "subst": "disable",
            "substitute_dst_mac": "00:00:00:00:00:00",
            "swc_first_create": 0,
            "swc_vlan": 0,
            "switch": "",
            "switch_controller_access_vlan": "disable",
            "switch_controller_arp_inspection": "disable",
            "switch_controller_dhcp_snooping": "disable",
            "switch_controller_dhcp_snooping_option82": "disable",
            "switch_controller_dhcp_snooping_verify_mac": "disable",
            "switch_controller_dynamic": "",
            "switch_controller_feature": "none",
            "switch_controller_igmp_snooping": "disable",
            "switch_controller_igmp_snooping_fast_leave": "disable",
            "switch_controller_igmp_snooping_proxy": "disable",
            "switch_controller_iot_scanning": "disable",
            "switch_controller_learning_limit": 0,
            "switch_controller_mgmt_vlan": 4094,
            "switch_controller_nac": "",
            "switch_controller_rspan_mode": "disable",
            "switch_controller_source_ip": "outbound",
            "switch_controller_traffic_policy": "",
            "system_id": "00:00:00:00:00:00",
            "system_id_type": "auto",
            "tagging": [],
            "tcp_mss": 0,
            "trunk": "",
            "trust_ip6_1": "::/0",
            "trust_ip6_2": "::/0",
            "trust_ip6_3": "::/0",
            "trust_ip_1": "0.0.0.0 0.0.0.0",
            "trust_ip_2": "0.0.0.0 0.0.0.0",
            "trust_ip_3": "0.0.0.0 0.0.0.0",
            "type": "loopback",
            "username": "",
            "vdom": "root",
            "vdomparam": null,
            "vindex": 0,
            "vlan_protocol": "8021q",
            "vlanforward": "disable",
            "vlanid": 0,
            "vrf": 0,
            "vrrp": [],
            "vrrp_virtual_mac": "disable",
            "wccp": "disable",
            "weight": 0,
            "wins_ip": "0.0.0.0"
          },
          "sensitive_attributes": []
        }
      ]
    },
    {
      "module": "module.inbound",
      "mode": "data",
      "type": "fortios_system_proberesponse",
      "name": "probe",
      "provider": "provider[\"registry.terraform.io/fortinetdev/fortios\"]",
      "instances": [
        {
          "schema_version": 0,
          "attributes": {
            "http_probe_value": "OK",
            "id": "SystemProbeResponse",
            "mode": "http-probe",
            "password": null,
            "port": 8008,
            "security_mode": "none",
            "timeout": 300,
            "ttl_mode": "retain",
            "vdomparam": null
          },
          "sensitive_attributes": []
        }
      ]
    },
    {
      "module": "module.inbound",
      "mode": "managed",
      "type": "fortios_firewall_policy",
      "name": "probe_allow",
      "provider": "provider[\"registry.terraform.io/fortinetdev/fortios\"]",
      "instances": [
        {
          "schema_version": 0,
          "attributes": {
            "action": "accept",
            "anti_replay": "enable",
            "app_category": [],
            "app_group": [],
            "application": [],
            "application_list": "",
            "auth_cert": "",
            "auth_path": "disable",
            "auth_redirect_addr": "",
            "auto_asic_offload": "enable",
            "av_profile": "",
            "block_notification": "disable",
            "captive_portal_exempt": "disable",
            "capture_packet": "disable",
            "cifs_profile": "",
            "comments": "",
            "custom_log_fields": [],
            "decrypted_traffic_mirror": "",
            "delay_tcp_npu_session": "disable",
            "devices": [],
            "diffserv_forward": "disable",
            "diffserv_reverse": "disable",
            "diffservcode_forward": "000000",
            "diffservcode_rev": "000000",
            "disclaimer": "disable",
            "dlp_sensor": "",
            "dnsfilter_profile": "",
            "dsri": "disable",
            "dstaddr": [
              {
                "name": "service1-probe"
              }
            ],
            "dstaddr6": [],
            "dstaddr_negate": "disable",
            "dstintf": [
              {
                "name": "probe"
              }
            ],
            "dynamic_shaping": "disable",
            "dynamic_sort_subtable": "false",
            "email_collect": "disable",
            "emailfilter_profile": "",
            "fec": "disable",
            "file_filter_profile": "",
            "firewall_session_dirty": "check-all",
            "fixedport": "disable",
            "fsso": "",
            "fsso_agent_for_ntlm": "",
            "fsso_groups": [],
            "geoip_anycast": "disable",
            "geoip_match": "physical-location",
            "global_label": "",
            "groups": [],
            "http_policy_redirect": "disable",
            "icap_profile": "",
            "id": "2",
            "identity_based_route": "",
            "inbound": "disable",
            "inspection_mode": "flow",
            "internet_service": "disable",
            "internet_service_custom": [],
            "internet_service_custom_group": [],
            "internet_service_group": [],
            "internet_service_id": [],
            "internet_service_name": [],
            "internet_service_negate": "disable",
            "internet_service_src": "disable",
            "internet_service_src_custom": [],
            "internet_service_src_custom_group": [],
            "internet_service_src_group": [],
            "internet_service_src_id": [],
            "internet_service_src_name": [],
            "internet_service_src_negate": "disable",
            "ippool": "disable",
            "ips_sensor": "",
            "label": "",
            "learning_mode": "",
            "logtraffic": "utm",
            "logtraffic_start": "disable",
            "match_vip": "disable",
            "match_vip_only": "disable",
            "name": "allow-service1-probe",
            "nat": "disable",
            "nat46": "disable",
            "nat64": "disable",
            "natinbound": "disable",
            "natip": "0.0.0.0 0.0.0.0",
            "natoutbound": "disable",
            "np_acceleration": "",
            "ntlm": "disable",
            "ntlm_enabled_browsers": [],
            "ntlm_guest": "disable",
            "outbound": "enable",
            "passive_wan_health_measurement": "disable",
            "per_ip_shaper": "",
            "permit_any_host": "disable",
            "permit_stun_host": "disable",
            "policyid": 2,
            "poolname": [],
            "poolname6": [],
            "profile_group": "",
            "profile_protocol_options": "default",
            "profile_type": "single",
            "radius_mac_auth_bypass": "disable",
            "redirect_url": "",
            "replacemsg_override_group": "",
            "reputation_direction": "destination",
            "reputation_minimum": 0,
            "rsso": "",
            "rtp_addr": [],
            "rtp_nat": "disable",
            "scan_botnet_connections": "",
            "schedule": "always",
            "schedule_timeout": "disable",
            "sctp_filter_profile": "",
            "send_deny_packet": "disable",
            "service": [
              {
                "name": "LB_Probe"
              }
            ],
            "service_negate": "disable",
            "session_ttl": 0,
            "sgt": [],
            "sgt_check": "disable",
            "spamfilter_profile": "",
            "src_vendor_mac": [],
            "srcaddr": [
              {
                "name": "all"
              }
            ],
            "srcaddr6": [],
            "srcaddr_negate": "disable",
            "srcintf": [
              {
                "name": "port1"
              }
            ],
            "ssh_filter_profile": "",
            "ssh_policy_redirect": "disable",
            "ssl_mirror": "",
            "ssl_mirror_intf": [],
            "ssl_ssh_profile": "no-inspection",
            "status": "enable",
            "tcp_mss_receiver": 0,
            "tcp_mss_sender": 0,
            "tcp_session_without_syn": "disable",
            "timeout_send_rst": "disable",
            "tos": "0x00",
            "tos_mask": "0x00",
            "tos_negate": "disable",
            "traffic_shaper": "",
            "traffic_shaper_reverse": "",
            "url_category": [],
            "users": [],
            "utm_status": "disable",
            "uuid": "47897af2-9890-51ec-2023-c444d182f259",
            "vdomparam": null,
            "videofilter_profile": "",
            "vlan_cos_fwd": 255,
            "vlan_cos_rev": 255,
            "vlan_filter": "",
            "voip_profile": "",
            "vpntunnel": "",
            "waf_profile": "",
            "wanopt": "disable",
            "wanopt_detection": "active",
            "wanopt_passive_opt": "default",
            "wanopt_peer": "",
            "wanopt_profile": "",
            "wccp": "disable",
            "webcache": "disable",
            "webcache_https": "disable",
            "webfilter_profile": "",
            "webproxy_forward_server": "",
            "webproxy_profile": "",
            "wsso": "",
            "ztna_ems_tag": [],
            "ztna_geo_tag": [],
            "ztna_status": "disable"
          },
          "sensitive_attributes": [],
          "private": "bnVsbA==",
          "dependencies": [
            "data.terraform_remote_state.base",
            "module.inbound.data.fortios_system_interface.probe",
            "module.inbound.data.fortios_system_proberesponse.probe",
            "module.inbound.fortios_firewall_vip.vip_probe",
            "module.inbound.fortios_firewallservice_custom.service_probe",
            "module.inbound.google_compute_address.elb_eip"
          ]
        }
      ]
    },
    {
      "module": "module.inbound",
      "mode": "managed",
      "type": "fortios_firewall_vip",
      "name": "vip_probe",
      "provider": "provider[\"registry.terraform.io/fortinetdev/fortios\"]",
      "instances": [
        {
          "schema_version": 0,
          "attributes": {
            "add_nat46_route": "enable",
            "arp_reply": "enable",
            "color": 0,
            "comment": "",
            "dns_mapping_ttl": 0,
            "dynamic_sort_subtable": "false",
            "extaddr": [],
            "extintf": "port1",
            "extip": "35.246.95.103",
            "extport": "8008",
            "fosid": 0,
            "gratuitous_arp_interval": 0,
            "http_cookie_age": 60,
            "http_cookie_domain": "",
            "http_cookie_domain_from_host": "disable",
            "http_cookie_generation": 0,
            "http_cookie_path": "",
            "http_cookie_share": "same-ip",
            "http_ip_header": "disable",
            "http_ip_header_name": "",
            "http_multiplex": "disable",
            "http_redirect": "disable",
            "https_cookie_secure": "disable",
            "id": "service1-probe",
            "ipv6_mappedip": "::",
            "ipv6_mappedport": "0",
            "ldb_method": "static",
            "mapped_addr": "",
            "mappedip": [
              {
                "range": "169.254.255.100"
              }
            ],
            "mappedport": "8008",
            "max_embryonic_connections": 1000,
            "monitor": [],
            "name": "service1-probe",
            "nat44": "enable",
            "nat46": "disable",
            "nat_source_vip": "disable",
            "outlook_web_access": "disable",
            "persistence": "none",
            "portforward": "enable",
            "portmapping_type": "1-to-1",
            "protocol": "tcp",
            "realservers": [],
            "server_type": "",
            "service": [],
            "src_filter": [],
            "srcintf_filter": [],
            "ssl_accept_ffdhe_groups": "enable",
            "ssl_algorithm": "high",
            "ssl_certificate": "",
            "ssl_cipher_suites": [],
            "ssl_client_fallback": "enable",
            "ssl_client_rekey_count": 0,
            "ssl_client_renegotiation": "secure",
            "ssl_client_session_state_max": 1000,
            "ssl_client_session_state_timeout": 30,
            "ssl_client_session_state_type": "both",
            "ssl_dh_bits": "2048",
            "ssl_hpkp": "disable",
            "ssl_hpkp_age": 5184000,
            "ssl_hpkp_backup": "",
            "ssl_hpkp_include_subdomains": "disable",
            "ssl_hpkp_primary": "",
            "ssl_hpkp_report_uri": "",
            "ssl_hsts": "disable",
            "ssl_hsts_age": 5184000,
            "ssl_hsts_include_subdomains": "disable",
            "ssl_http_location_conversion": "disable",
            "ssl_http_match_host": "enable",
            "ssl_max_version": "tls-1.3",
            "ssl_min_version": "tls-1.1",
            "ssl_mode": "half",
            "ssl_pfs": "require",
            "ssl_send_empty_frags": "enable",
            "ssl_server_algorithm": "client",
            "ssl_server_cipher_suites": [],
            "ssl_server_max_version": "client",
            "ssl_server_min_version": "client",
            "ssl_server_session_state_max": 100,
            "ssl_server_session_state_timeout": 60,
            "ssl_server_session_state_type": "both",
            "status": "enable",
            "type": "static-nat",
            "uuid": "476e5844-9890-51ec-5c0e-7766ff343487",
            "vdomparam": null,
            "weblogic_server": "disable",
            "websphere_server": "disable"
          },
          "sensitive_attributes": [],
          "private": "bnVsbA==",
          "dependencies": [
            "data.terraform_remote_state.base",
            "module.inbound.data.fortios_system_interface.probe",
            "module.inbound.data.fortios_system_proberesponse.probe",
            "module.inbound.google_compute_address.elb_eip"
          ]
        }
      ]
    },
    {
      "module": "module.inbound",
      "mode": "managed",
      "type": "fortios_firewallservice_custom",
      "name": "service_probe",
      "provider": "provider[\"registry.terraform.io/fortinetdev/fortios\"]",
      "instances": [
        {
          "schema_version": 0,
          "attributes": {
            "app_category": [],
            "app_service_type": "disable",
            "application": [],
            "category": "",
            "check_reset_range": "default",
            "color": 0,
            "comment": "",
            "dynamic_sort_subtable": "false",
            "fabric_object": "disable",
            "fqdn": "",
            "helper": "auto",
            "icmpcode": 0,
            "icmptype": 0,
            "id": "LB_Probe",
            "iprange": "0.0.0.0",
            "name": "LB_Probe",
            "protocol": "TCP/UDP/SCTP",
            "protocol_number": 0,
            "proxy": "disable",
            "sctp_portrange": "",
            "session_ttl": 0,
            "tcp_halfclose_timer": 0,
            "tcp_halfopen_timer": 0,
            "tcp_portrange": "8008",
            "tcp_rst_timer": 0,
            "tcp_timewait_timer": 0,
            "udp_idle_timer": 0,
            "udp_portrange": "",
            "vdomparam": null,
            "visibility": "enable"
          },
          "sensitive_attributes": [],
          "private": "bnVsbA==",
          "dependencies": [
            "data.terraform_remote_state.base",
            "module.inbound.data.fortios_system_proberesponse.probe"
          ]
        }
      ]
    },
    {
      "module": "module.inbound",
      "mode": "managed",
      "type": "google_compute_address",
      "name": "elb_eip",
      "provider": "provider[\"registry.terraform.io/hashicorp/google\"]",
      "instances": [
        {
          "schema_version": 0,
          "attributes": {
            "address": "35.246.95.103",
            "address_type": "EXTERNAL",
            "creation_timestamp": "2022-02-28T04:16:27.110-08:00",
            "description": "",
            "id": "projects/forti-emea-se/regions/europe-west2/addresses/service1-eip-euwest2",
            "name": "service1-eip-euwest2",
            "network": "",
            "network_tier": "PREMIUM",
            "prefix_length": 0,
            "project": "forti-emea-se",
            "purpose": "",
            "region": "europe-west2",
            "self_link": "https://www.googleapis.com/compute/v1/projects/forti-emea-se/regions/europe-west2/addresses/service1-eip-euwest2",
            "subnetwork": "",
            "timeouts": null,
            "users": [
              "https://www.googleapis.com/compute/v1/projects/forti-emea-se/regions/europe-west2/forwardingRules/service1-fwdrule"
            ]
          },
          "sensitive_attributes": [],
          "private": "eyJlMmJmYjczMC1lY2FhLTExZTYtOGY4OC0zNDM2M2JjN2M0YzAiOnsiY3JlYXRlIjoxMjAwMDAwMDAwMDAwLCJkZWxldGUiOjEyMDAwMDAwMDAwMDB9fQ==",
          "dependencies": [
            "data.terraform_remote_state.base"
          ]
        }
      ]
    },
    {
      "module": "module.inbound",
      "mode": "managed",
      "type": "google_compute_forwarding_rule",
      "name": "elb_frule",
      "provider": "provider[\"registry.terraform.io/hashicorp/google\"]",
      "instances": [
        {
          "schema_version": 0,
          "attributes": {
            "all_ports": true,
            "allow_global_access": false,
            "backend_service": "https://www.googleapis.com/compute/v1/projects/forti-emea-se/regions/europe-west2/backendServices/bmref-bes-elb-euwest2",
            "creation_timestamp": "2022-02-28T04:16:39.451-08:00",
            "description": "",
            "id": "projects/forti-emea-se/regions/europe-west2/forwardingRules/service1-fwdrule",
            "ip_address": "https://www.googleapis.com/compute/v1/projects/forti-emea-se/regions/europe-west2/addresses/service1-eip-euwest2",
            "ip_protocol": "L3_DEFAULT",
            "is_mirroring_collector": false,
            "label_fingerprint": "42WmSpB8rSM=",
            "labels": {},
            "load_balancing_scheme": "EXTERNAL",
            "name": "service1-fwdrule",
            "network": "",
            "network_tier": "PREMIUM",
            "port_range": "",
            "ports": [],
            "project": "forti-emea-se",
            "region": "europe-west2",
            "self_link": "https://www.googleapis.com/compute/v1/projects/forti-emea-se/regions/europe-west2/forwardingRules/service1-fwdrule",
            "service_label": "",
            "service_name": "",
            "subnetwork": "",
            "target": "",
            "timeouts": null
          },
          "sensitive_attributes": [],
          "private": "eyJlMmJmYjczMC1lY2FhLTExZTYtOGY4OC0zNDM2M2JjN2M0YzAiOnsiY3JlYXRlIjoxMjAwMDAwMDAwMDAwLCJkZWxldGUiOjEyMDAwMDAwMDAwMDAsInVwZGF0ZSI6MTIwMDAwMDAwMDAwMH19",
          "dependencies": [
            "data.terraform_remote_state.base",
            "module.inbound.google_compute_address.elb_eip",
            "module.inbound.google_compute_region_backend_service.elb_bes"
          ]
        }
      ]
    },
    {
      "module": "module.inbound",
      "mode": "managed",
      "type": "google_compute_region_backend_service",
      "name": "elb_bes",
      "provider": "provider[\"registry.terraform.io/hashicorp/google-beta\"]",
      "instances": [
        {
          "schema_version": 1,
          "attributes": {
            "affinity_cookie_ttl_sec": 0,
            "backend": [
              {
                "balancing_mode": "CONNECTION",
                "capacity_scaler": 0,
                "description": "",
                "failover": false,
                "group": "https://www.googleapis.com/compute/v1/projects/forti-emea-se/zones/europe-west2-a/instanceGroups/bmlog-umig0-euwest2-a",
                "max_connections": 0,
                "max_connections_per_endpoint": 0,
                "max_connections_per_instance": 0,
                "max_rate": 0,
                "max_rate_per_endpoint": 0,
                "max_rate_per_instance": 0,
                "max_utilization": 0
              },
              {
                "balancing_mode": "CONNECTION",
                "capacity_scaler": 0,
                "description": "",
                "failover": false,
                "group": "https://www.googleapis.com/compute/v1/projects/forti-emea-se/zones/europe-west2-b/instanceGroups/bmlog-umig1-euwest2-b",
                "max_connections": 0,
                "max_connections_per_endpoint": 0,
                "max_connections_per_instance": 0,
                "max_rate": 0,
                "max_rate_per_endpoint": 0,
                "max_rate_per_instance": 0,
                "max_utilization": 0
              }
            ],
            "cdn_policy": [],
            "circuit_breakers": [],
            "connection_draining_timeout_sec": 0,
            "connection_tracking_policy": [
              {
                "connection_persistence_on_unhealthy_backends": "NEVER_PERSIST",
                "idle_timeout_sec": 60,
                "tracking_mode": "PER_CONNECTION"
              }
            ],
            "consistent_hash": [],
            "creation_timestamp": "2022-02-28T04:16:27.466-08:00",
            "description": "",
            "enable_cdn": false,
            "failover_policy": [],
            "fingerprint": "-2JX5J1lM0Y=",
            "health_checks": [
              "https://www.googleapis.com/compute/v1/projects/forti-emea-se/regions/europe-west2/healthChecks/bmlog-healthcheck-http8008-euwest2"
            ],
            "iap": [],
            "id": "projects/forti-emea-se/regions/europe-west2/backendServices/bmref-bes-elb-euwest2",
            "load_balancing_scheme": "EXTERNAL",
            "locality_lb_policy": "",
            "log_config": [],
            "name": "bmref-bes-elb-euwest2",
            "network": "",
            "outlier_detection": [],
            "port_name": "http",
            "project": "forti-emea-se",
            "protocol": "UNSPECIFIED",
            "region": "europe-west2",
            "self_link": "https://www.googleapis.com/compute/v1/projects/forti-emea-se/regions/europe-west2/backendServices/bmref-bes-elb-euwest2",
            "session_affinity": "NONE",
            "timeout_sec": 30,
            "timeouts": null
          },
          "sensitive_attributes": [],
          "private": "eyJlMmJmYjczMC1lY2FhLTExZTYtOGY4OC0zNDM2M2JjN2M0YzAiOnsiY3JlYXRlIjoxMjAwMDAwMDAwMDAwLCJkZWxldGUiOjEyMDAwMDAwMDAwMDAsInVwZGF0ZSI6MTIwMDAwMDAwMDAwMH0sInNjaGVtYV92ZXJzaW9uIjoiMSJ9",
          "dependencies": [
            "data.terraform_remote_state.base"
          ]
        }
      ]
    },
    {
      "module": "module.inbound",
      "mode": "managed",
      "type": "google_compute_route",
      "name": "default_route",
      "provider": "provider[\"registry.terraform.io/hashicorp/google\"]",
      "instances": [
        {
          "schema_version": 0,
          "attributes": {
            "description": "",
            "dest_range": "0.0.0.0/0",
            "id": "projects/forti-emea-se/global/routes/bmref-rt-default-via-fgt",
            "name": "bmref-rt-default-via-fgt",
            "network": "https://www.googleapis.com/compute/v1/projects/forti-emea-se/global/networks/bm-int",
            "next_hop_gateway": "",
            "next_hop_ilb": "https://www.googleapis.com/compute/v1/projects/forti-emea-se/regions/europe-west2/forwardingRules/bmlog-fwdrule-ilb-trust-euwest2",
            "next_hop_instance": "",
            "next_hop_instance_zone": null,
            "next_hop_ip": "172.20.1.11",
            "next_hop_network": "",
            "next_hop_vpn_tunnel": "",
            "priority": 100,
            "project": "forti-emea-se",
            "self_link": "https://www.googleapis.com/compute/v1/projects/forti-emea-se/global/routes/bmref-rt-default-via-fgt",
            "tags": [],
            "timeouts": null
          },
          "sensitive_attributes": [],
          "private": "eyJlMmJmYjczMC1lY2FhLTExZTYtOGY4OC0zNDM2M2JjN2M0YzAiOnsiY3JlYXRlIjoxMjAwMDAwMDAwMDAwLCJkZWxldGUiOjEyMDAwMDAwMDAwMDB9fQ==",
          "dependencies": [
            "data.terraform_remote_state.base"
          ]
        }
      ]
    },
    {
      "module": "module.outbound",
      "mode": "data",
      "type": "google_compute_forwarding_rule",
      "name": "elb",
      "provider": "provider[\"registry.terraform.io/hashicorp/google\"]",
      "instances": [
        {
          "schema_version": 0,
          "attributes": {
            "all_ports": true,
            "allow_global_access": false,
            "backend_service": "https://www.googleapis.com/compute/v1/projects/forti-emea-se/regions/europe-west2/backendServices/bmref-bes-elb-euwest2",
            "creation_timestamp": "2022-02-28T04:16:39.451-08:00",
            "description": "",
            "id": "projects/forti-emea-se/regions/europe-west2/forwardingRules/service1-fwdrule",
            "ip_address": "35.246.95.103",
            "ip_protocol": "L3_DEFAULT",
            "is_mirroring_collector": false,
            "label_fingerprint": "42WmSpB8rSM=",
            "labels": {},
            "load_balancing_scheme": "EXTERNAL",
            "name": "service1-fwdrule",
            "network": "",
            "network_tier": "PREMIUM",
            "port_range": "",
            "ports": [],
            "project": "forti-emea-se",
            "region": "europe-west2",
            "self_link": "https://www.googleapis.com/compute/v1/projects/forti-emea-se/regions/europe-west2/forwardingRules/service1-fwdrule",
            "service_label": "",
            "service_name": "",
            "subnetwork": "",
            "target": ""
          },
          "sensitive_attributes": []
        }
      ]
    },
    {
      "module": "module.outbound",
      "mode": "managed",
      "type": "fortios_firewall_ippool",
      "name": "this",
      "provider": "provider[\"registry.terraform.io/fortinetdev/fortios\"]",
      "instances": [
        {
          "schema_version": 0,
          "attributes": {
            "add_nat64_route": "enable",
            "arp_intf": "",
            "arp_reply": "enable",
            "associated_interface": "",
            "block_size": 128,
            "comments": "",
            "endip": "35.246.95.103",
            "endport": 65533,
            "id": "gcp-nat-eip",
            "name": "gcp-nat-eip",
            "nat64": "disable",
            "num_blocks_per_user": 8,
            "pba_timeout": 30,
            "permit_any_host": "disable",
            "port_per_user": 0,
            "source_endip": "0.0.0.0",
            "source_startip": "0.0.0.0",
            "startip": "35.246.95.103",
            "startport": 5117,
            "type": "overload",
            "vdomparam": null
          },
          "sensitive_attributes": [],
          "private": "bnVsbA==",
          "dependencies": [
            "data.terraform_remote_state.base",
            "module.inbound.google_compute_address.elb_eip",
            "module.inbound.google_compute_forwarding_rule.elb_frule",
            "module.inbound.google_compute_region_backend_service.elb_bes",
            "module.outbound.data.google_compute_forwarding_rule.elb"
          ]
        }
      ]
    },
    {
      "module": "module.outbound",
      "mode": "managed",
      "type": "fortios_firewall_policy",
      "name": "allowout",
      "provider": "provider[\"registry.terraform.io/fortinetdev/fortios\"]",
      "instances": [
        {
          "schema_version": 0,
          "attributes": {
            "action": "accept",
            "anti_replay": "enable",
            "app_category": [],
            "app_group": [],
            "application": [],
            "application_list": "default",
            "auth_cert": "",
            "auth_path": "disable",
            "auth_redirect_addr": "",
            "auto_asic_offload": "enable",
            "av_profile": "default",
            "block_notification": "disable",
            "captive_portal_exempt": "disable",
            "capture_packet": "disable",
            "cifs_profile": "",
            "comments": "",
            "custom_log_fields": [],
            "decrypted_traffic_mirror": "",
            "delay_tcp_npu_session": "disable",
            "devices": [],
            "diffserv_forward": "disable",
            "diffserv_reverse": "disable",
            "diffservcode_forward": "000000",
            "diffservcode_rev": "000000",
            "disclaimer": "disable",
            "dlp_sensor": "",
            "dnsfilter_profile": "",
            "dsri": "disable",
            "dstaddr": [
              {
                "name": "all"
              }
            ],
            "dstaddr6": [],
            "dstaddr_negate": "disable",
            "dstintf": [
              {
                "name": "port1"
              }
            ],
            "dynamic_shaping": "disable",
            "dynamic_sort_subtable": "false",
            "email_collect": "disable",
            "emailfilter_profile": "",
            "fec": "disable",
            "file_filter_profile": "",
            "firewall_session_dirty": "check-all",
            "fixedport": "disable",
            "fsso": "",
            "fsso_agent_for_ntlm": "",
            "fsso_groups": [],
            "geoip_anycast": "disable",
            "geoip_match": "physical-location",
            "global_label": "",
            "groups": [],
            "http_policy_redirect": "disable",
            "icap_profile": "",
            "id": "3",
            "identity_based_route": "",
            "inbound": "disable",
            "inspection_mode": "flow",
            "internet_service": "disable",
            "internet_service_custom": [],
            "internet_service_custom_group": [],
            "internet_service_group": [],
            "internet_service_id": [],
            "internet_service_name": [],
            "internet_service_negate": "disable",
            "internet_service_src": "disable",
            "internet_service_src_custom": [],
            "internet_service_src_custom_group": [],
            "internet_service_src_group": [],
            "internet_service_src_id": [],
            "internet_service_src_name": [],
            "internet_service_src_negate": "disable",
            "ippool": "enable",
            "ips_sensor": "default",
            "label": "",
            "learning_mode": "",
            "logtraffic": "all",
            "logtraffic_start": "disable",
            "match_vip": "disable",
            "match_vip_only": "disable",
            "name": "nat-allowout",
            "nat": "enable",
            "nat46": "disable",
            "nat64": "disable",
            "natinbound": "disable",
            "natip": "0.0.0.0 0.0.0.0",
            "natoutbound": "disable",
            "np_acceleration": "",
            "ntlm": "disable",
            "ntlm_enabled_browsers": [],
            "ntlm_guest": "disable",
            "outbound": "enable",
            "passive_wan_health_measurement": "disable",
            "per_ip_shaper": "",
            "permit_any_host": "disable",
            "permit_stun_host": "disable",
            "policyid": 3,
            "poolname": [
              {
                "name": "gcp-nat-eip"
              }
            ],
            "poolname6": [],
            "profile_group": "",
            "profile_protocol_options": "default",
            "profile_type": "single",
            "radius_mac_auth_bypass": "disable",
            "redirect_url": "",
            "replacemsg_override_group": "",
            "reputation_direction": "destination",
            "reputation_minimum": 0,
            "rsso": "",
            "rtp_addr": [],
            "rtp_nat": "disable",
            "scan_botnet_connections": "",
            "schedule": "always",
            "schedule_timeout": "disable",
            "sctp_filter_profile": "",
            "send_deny_packet": "disable",
            "service": [
              {
                "name": "ALL"
              }
            ],
            "service_negate": "disable",
            "session_ttl": 0,
            "sgt": [],
            "sgt_check": "disable",
            "spamfilter_profile": "",
            "src_vendor_mac": [],
            "srcaddr": [
              {
                "name": "all"
              }
            ],
            "srcaddr6": [],
            "srcaddr_negate": "disable",
            "srcintf": [
              {
                "name": "port2"
              }
            ],
            "ssh_filter_profile": "",
            "ssh_policy_redirect": "disable",
            "ssl_mirror": "",
            "ssl_mirror_intf": [],
            "ssl_ssh_profile": "certificate-inspection",
            "status": "enable",
            "tcp_mss_receiver": 0,
            "tcp_mss_sender": 0,
            "tcp_session_without_syn": "disable",
            "timeout_send_rst": "disable",
            "tos": "0x00",
            "tos_mask": "0x00",
            "tos_negate": "disable",
            "traffic_shaper": "",
            "traffic_shaper_reverse": "",
            "url_category": [],
            "users": [],
            "utm_status": "enable",
            "uuid": "0303a88c-9898-51ec-d775-acdf9f3bcf30",
            "vdomparam": null,
            "videofilter_profile": "",
            "vlan_cos_fwd": 255,
            "vlan_cos_rev": 255,
            "vlan_filter": "",
            "voip_profile": "",
            "vpntunnel": "",
            "waf_profile": "",
            "wanopt": "disable",
            "wanopt_detection": "active",
            "wanopt_passive_opt": "default",
            "wanopt_peer": "",
            "wanopt_profile": "",
            "wccp": "disable",
            "webcache": "disable",
            "webcache_https": "disable",
            "webfilter_profile": "default",
            "webproxy_forward_server": "",
            "webproxy_profile": "",
            "wsso": "",
            "ztna_ems_tag": [],
            "ztna_geo_tag": [],
            "ztna_status": "disable"
          },
          "sensitive_attributes": [],
          "private": "bnVsbA==",
          "dependencies": [
            "data.terraform_remote_state.base",
            "module.inbound.google_compute_address.elb_eip",
            "module.inbound.google_compute_forwarding_rule.elb_frule",
            "module.inbound.google_compute_region_backend_service.elb_bes",
            "module.outbound.data.google_compute_forwarding_rule.elb",
            "module.outbound.fortios_firewall_ippool.this"
          ]
        }
      ]
    },
    {
      "module": "module.peer1",
      "mode": "data",
      "type": "google_compute_network",
      "name": "spoke",
      "provider": "provider[\"registry.terraform.io/hashicorp/google\"]",
      "instances": [
        {
          "schema_version": 0,
          "attributes": {
            "description": "",
            "gateway_ipv4": "",
            "id": "projects/forti-emea-se/global/networks/bm-spoke1",
            "name": "bm-spoke1",
            "project": "forti-emea-se",
            "self_link": "https://www.googleapis.com/compute/v1/projects/forti-emea-se/global/networks/bm-spoke1",
            "subnetworks_self_links": [
              "https://www.googleapis.com/compute/v1/projects/forti-emea-se/regions/europe-west6/subnetworks/bm-spoke1-sb"
            ]
          },
          "sensitive_attributes": []
        }
      ]
    },
    {
      "module": "module.peer1",
      "mode": "data",
      "type": "google_compute_subnetwork",
      "name": "hub",
      "provider": "provider[\"registry.terraform.io/hashicorp/google\"]",
      "instances": [
        {
          "schema_version": 0,
          "attributes": {
            "description": "",
            "gateway_address": "172.20.1.1",
            "id": "projects/forti-emea-se/regions/europe-west2/subnetworks/bm-int-sb",
            "ip_cidr_range": "172.20.1.0/24",
            "name": "bm-int-sb",
            "network": "https://www.googleapis.com/compute/v1/projects/forti-emea-se/global/networks/bm-int",
            "private_ip_google_access": false,
            "project": "forti-emea-se",
            "region": "europe-west2",
            "secondary_ip_range": [],
            "self_link": "https://www.googleapis.com/compute/v1/projects/forti-emea-se/regions/europe-west2/subnetworks/bm-int-sb"
          },
          "sensitive_attributes": []
        }
      ]
    },
    {
      "module": "module.peer1",
      "mode": "data",
      "type": "google_compute_subnetwork",
      "name": "spoke_subnets",
      "provider": "provider[\"registry.terraform.io/hashicorp/google\"]",
      "instances": [
        {
          "index_key": "https://www.googleapis.com/compute/v1/projects/forti-emea-se/regions/europe-west6/subnetworks/bm-spoke1-sb",
          "schema_version": 0,
          "attributes": {
            "description": "",
            "gateway_address": "10.0.0.1",
            "id": "projects/forti-emea-se/regions/europe-west6/subnetworks/bm-spoke1-sb",
            "ip_cidr_range": "10.0.0.0/24",
            "name": "bm-spoke1-sb",
            "network": "https://www.googleapis.com/compute/v1/projects/forti-emea-se/global/networks/bm-spoke1",
            "private_ip_google_access": false,
            "project": "forti-emea-se",
            "region": "europe-west6",
            "secondary_ip_range": [],
            "self_link": "https://www.googleapis.com/compute/v1/projects/forti-emea-se/regions/europe-west6/subnetworks/bm-spoke1-sb"
          },
          "sensitive_attributes": []
        }
      ]
    },
    {
      "module": "module.peer1",
      "mode": "managed",
      "type": "fortios_router_static",
      "name": "to_spoke_subnets",
      "provider": "provider[\"registry.terraform.io/fortinetdev/fortios\"]",
      "instances": [
        {
          "index_key": "10.0.0.0/24",
          "schema_version": 0,
          "attributes": {
            "bfd": "disable",
            "blackhole": "disable",
            "comment": "",
            "device": "port2",
            "distance": 10,
            "dst": "10.0.0.0/24",
            "dstaddr": "",
            "dynamic_gateway": "disable",
            "dynamic_sort_subtable": "false",
            "gateway": "172.20.1.1",
            "id": "5",
            "internet_service": 0,
            "internet_service_custom": "",
            "link_monitor_exempt": "disable",
            "priority": 1,
            "sdwan": "",
            "sdwan_zone": [],
            "seq_num": 5,
            "src": "0.0.0.0 0.0.0.0",
            "status": "enable",
            "vdomparam": null,
            "virtual_wan_link": "",
            "vrf": 0,
            "weight": 0
          },
          "sensitive_attributes": [],
          "private": "bnVsbA==",
          "dependencies": [
            "data.terraform_remote_state.base",
            "module.peer1.data.google_compute_network.spoke",
            "module.peer1.data.google_compute_subnetwork.hub",
            "module.peer1.data.google_compute_subnetwork.spoke_subnets"
          ]
        }
      ]
    },
    {
      "module": "module.peer1",
      "mode": "managed",
      "type": "google_compute_network_peering",
      "name": "hub_to_spoke",
      "provider": "provider[\"registry.terraform.io/hashicorp/google\"]",
      "instances": [
        {
          "schema_version": 0,
          "attributes": {
            "export_custom_routes": true,
            "export_subnet_routes_with_public_ip": true,
            "id": "bm-int/peer-fgthub-to-bm-spoke1-forti-emea-se",
            "import_custom_routes": false,
            "import_subnet_routes_with_public_ip": false,
            "name": "peer-fgthub-to-bm-spoke1-forti-emea-se",
            "network": "https://www.googleapis.com/compute/v1/projects/forti-emea-se/global/networks/bm-int",
            "peer_network": "https://www.googleapis.com/compute/v1/projects/forti-emea-se/global/networks/bm-spoke1",
            "state": "ACTIVE",
            "state_details": "[2022-02-28T07:47:12.271-08:00]: Connected.",
            "timeouts": null
          },
          "sensitive_attributes": [],
          "private": "eyJlMmJmYjczMC1lY2FhLTExZTYtOGY4OC0zNDM2M2JjN2M0YzAiOnsiY3JlYXRlIjoyNDAwMDAwMDAwMDAsImRlbGV0ZSI6MjQwMDAwMDAwMDAwLCJ1cGRhdGUiOjI0MDAwMDAwMDAwMH19",
          "dependencies": [
            "data.terraform_remote_state.base",
            "module.peer1.data.google_compute_network.spoke",
            "module.peer1.data.google_compute_subnetwork.hub"
          ]
        }
      ]
    },
    {
      "module": "module.peer1",
      "mode": "managed",
      "type": "google_compute_network_peering",
      "name": "spoke_to_hub",
      "provider": "provider[\"registry.terraform.io/hashicorp/google\"]",
      "instances": [
        {
          "schema_version": 0,
          "attributes": {
            "export_custom_routes": false,
            "export_subnet_routes_with_public_ip": true,
            "id": "bm-spoke1/peer-bm-spoke1-forti-emea-se-to-fgthub",
            "import_custom_routes": true,
            "import_subnet_routes_with_public_ip": false,
            "name": "peer-bm-spoke1-forti-emea-se-to-fgthub",
            "network": "https://www.googleapis.com/compute/v1/projects/forti-emea-se/global/networks/bm-spoke1",
            "peer_network": "https://www.googleapis.com/compute/v1/projects/forti-emea-se/global/networks/bm-int",
            "state": "ACTIVE",
            "state_details": "[2022-02-28T07:47:12.271-08:00]: Connected.",
            "timeouts": null
          },
          "sensitive_attributes": [],
          "private": "eyJlMmJmYjczMC1lY2FhLTExZTYtOGY4OC0zNDM2M2JjN2M0YzAiOnsiY3JlYXRlIjoyNDAwMDAwMDAwMDAsImRlbGV0ZSI6MjQwMDAwMDAwMDAwLCJ1cGRhdGUiOjI0MDAwMDAwMDAwMH19",
          "dependencies": [
            "data.terraform_remote_state.base",
            "module.peer1.data.google_compute_network.spoke",
            "module.peer1.data.google_compute_subnetwork.hub",
            "module.peer1.google_compute_network_peering.hub_to_spoke"
          ]
        }
      ]
    }
  ]
}
